
Microsoft Visual Studio Solution File, Format Version 12.00
# Visual Studio Version 16
VisualStudioVersion = 16.0.30517.126
MinimumVisualStudioVersion = 10.0.40219.1
Project("{9A19103F-16F7-4668-BE54-9A1E7A4F7556}") = "PortafolioAPI", "PortafolioAPI\PortafolioAPI.csproj", "{94C0C47B-A0FC-4F5F-B38A-15CEE8DA39CF}"
EndProject
Project("{2150E333-8FDC-42A3-9474-1A3956D46DE8}") = "01-PortafolioAPI", "01-PortafolioAPI", "{333611D6-AC07-4B42-8994-3CFC04D85D3A}"
EndProject
Project("{2150E333-8FDC-42A3-9474-1A3956D46DE8}") = "02-Portafolio.Model", "02-Portafolio.Model", "{1AC39073-9124-4431-8CB5-B2FD784EB247}"
EndProject
Project("{2150E333-8FDC-42A3-9474-1A3956D46DE8}") = "03-Portafolio.Business", "03-Portafolio.Business", "{44D9B301-1C4C-4CE0-9C8C-B3B6BC7D9D33}"
EndProject
Project("{9A19103F-16F7-4668-BE54-9A1E7A4F7556}") = "DTOs", "DTOs\DTOs.csproj", "{991D1299-8D78-4A2D-8C96-07425A93D3E4}"
EndProject
Project("{9A19103F-16F7-4668-BE54-9A1E7A4F7556}") = "Mapper", "Mapper\Mapper.csproj", "{8E405E08-15BA-4827-967D-F9A70FE89E02}"
EndProject
Project("{9A19103F-16F7-4668-BE54-9A1E7A4F7556}") = "Model", "Model\Model.csproj", "{46751D4F-2D8B-4073-8F11-2DB96BA9B5AE}"
EndProject
Project("{FAE04EC0-301F-11D3-BF4B-00C04F79EFBC}") = "Services", "Services\Services.csproj", "{71673834-3463-4545-A4E5-BF846DB3500C}"
EndProject
Global
	GlobalSection(SolutionConfigurationPlatforms) = preSolution
		Debug|Any CPU = Debug|Any CPU
		Release|Any CPU = Release|Any CPU
	EndGlobalSection
	GlobalSection(ProjectConfigurationPlatforms) = postSolution
		{94C0C47B-A0FC-4F5F-B38A-15CEE8DA39CF}.Debug|Any CPU.ActiveCfg = Debug|Any CPU
		{94C0C47B-A0FC-4F5F-B38A-15CEE8DA39CF}.Debug|Any CPU.Build.0 = Debug|Any CPU
		{94C0C47B-A0FC-4F5F-B38A-15CEE8DA39CF}.Release|Any CPU.ActiveCfg = Release|Any CPU
		{94C0C47B-A0FC-4F5F-B38A-15CEE8DA39CF}.Release|Any CPU.Build.0 = Release|Any CPU
		{991D1299-8D78-4A2D-8C96-07425A93D3E4}.Debug|Any CPU.ActiveCfg = Debug|Any CPU
		{991D1299-8D78-4A2D-8C96-07425A93D3E4}.Debug|Any CPU.Build.0 = Debug|Any CPU
		{991D1299-8D78-4A2D-8C96-07425A93D3E4}.Release|Any CPU.ActiveCfg = Release|Any CPU
		{991D1299-8D78-4A2D-8C96-07425A93D3E4}.Release|Any CPU.Build.0 = Release|Any CPU
		{8E405E08-15BA-4827-967D-F9A70FE89E02}.Debug|Any CPU.ActiveCfg = Debug|Any CPU
		{8E405E08-15BA-4827-967D-F9A70FE89E02}.Debug|Any CPU.Build.0 = Debug|Any CPU
		{8E405E08-15BA-4827-967D-F9A70FE89E02}.Release|Any CPU.ActiveCfg = Release|Any CPU
		{8E405E08-15BA-4827-967D-F9A70FE89E02}.Release|Any CPU.Build.0 = Release|Any CPU
		{46751D4F-2D8B-4073-8F11-2DB96BA9B5AE}.Debug|Any CPU.ActiveCfg = Debug|Any CPU
		{46751D4F-2D8B-4073-8F11-2DB96BA9B5AE}.Debug|Any CPU.Build.0 = Debug|Any CPU
		{46751D4F-2D8B-4073-8F11-2DB96BA9B5AE}.Release|Any CPU.ActiveCfg = Release|Any CPU
		{46751D4F-2D8B-4073-8F11-2DB96BA9B5AE}.Release|Any CPU.Build.0 = Release|Any CPU
		{71673834-3463-4545-A4E5-BF846DB3500C}.Debug|Any CPU.ActiveCfg = Debug|Any CPU
		{71673834-3463-4545-A4E5-BF846DB3500C}.Debug|Any CPU.Build.0 = Debug|Any CPU
		{71673834-3463-4545-A4E5-BF846DB3500C}.Release|Any CPU.ActiveCfg = Release|Any CPU
		{71673834-3463-4545-A4E5-BF846DB3500C}.Release|Any CPU.Build.0 = Release|Any CPU
	EndGlobalSection
	GlobalSection(SolutionProperties) = preSolution
		HideSolutionNode = FALSE
	EndGlobalSection
	GlobalSection(NestedProjects) = preSolution
		{94C0C47B-A0FC-4F5F-B38A-15CEE8DA39CF} = {333611D6-AC07-4B42-8994-3CFC04D85D3A}
		{991D1299-8D78-4A2D-8C96-07425A93D3E4} = {44D9B301-1C4C-4CE0-9C8C-B3B6BC7D9D33}
		{8E405E08-15BA-4827-967D-F9A70FE89E02} = {44D9B301-1C4C-4CE0-9C8C-B3B6BC7D9D33}
		{46751D4F-2D8B-4073-8F11-2DB96BA9B5AE} = {1AC39073-9124-4431-8CB5-B2FD784EB247}
		{71673834-3463-4545-A4E5-BF846DB3500C} = {44D9B301-1C4C-4CE0-9C8C-B3B6BC7D9D33}
	EndGlobalSection
	GlobalSection(ExtensibilityGlobals) = postSolution
		SolutionGuid = {7C527FE1-7A10-40D7-9195-9807AA257FFB}
	EndGlobalSection
EndGlobal
